{
  "name": "oecs-vs",
  "lockfileVersion": 3,
  "requires": true,
  "packages": {
    "": {
      "name": "oecs-vs",
      "dependencies": {
        "@lastolivegames/becsy": "^0.15.5",
        "bitecs": "0.4.0",
        "harmony-ecs": "0.0.12",
        "koota": "^0.6.6",
        "miniplex": "^2.0.0",
        "piecs": "0.4.0",
        "thyseus": "^0.18.0",
        "wolf-ecs": "2.1.3"
      }
    },
    "node_modules/@hmans/id": {
      "version": "0.0.1",
      "resolved": "https://registry.npmjs.org/@hmans/id/-/id-0.0.1.tgz",
      "integrity": "sha512-2BxHxZziST8F0P5Dt+UuttF2lwCaKK7QFR814PwEp708l6dm86pjWJAFr7BKyAGu27mRpYcghvCAUAucNdsCdw==",
      "license": "MIT"
    },
    "node_modules/@hmans/queue": {
      "version": "0.0.1",
      "resolved": "https://registry.npmjs.org/@hmans/queue/-/queue-0.0.1.tgz",
      "integrity": "sha512-Mm8oQRFRoiEYQ3QD9CD14DTaShd21nzNrUFyBhFxy+TduKf2PdMRfHHx7lDvEpbODGNlj+e8mcWGj/YjWmC3Bw==",
      "license": "MIT"
    },
    "node_modules/@lastolivegames/becsy": {
      "version": "0.15.5",
      "resolved": "https://registry.npmjs.org/@lastolivegames/becsy/-/becsy-0.15.5.tgz",
      "integrity": "sha512-RZEL52er3eH+zpczz2xPyVIxVId+tx0pfTRxYjvE4Vi14plgHzqX7q+4TTJvJDmaxR9pdVjGwFnrY0Oe23fN7Q==",
      "license": "MIT",
      "engines": {
        "node": ">=12"
      }
    },
    "node_modules/@miniplex/bucket": {
      "version": "2.0.0",
      "resolved": "https://registry.npmjs.org/@miniplex/bucket/-/bucket-2.0.0.tgz",
      "integrity": "sha512-jdAW0vG0tLel0dD0lyQqkQ4g4G9CscbVtenu35jB48fnVK3zmfFmQKIxXHsUvFs4KAN44UESAgaVOroTetFSRw==",
      "license": "MIT",
      "dependencies": {
        "eventery": "^0.0.4"
      }
    },
    "node_modules/bitecs": {
      "version": "0.4.0",
      "resolved": "https://registry.npmjs.org/bitecs/-/bitecs-0.4.0.tgz",
      "integrity": "sha512-ho6Zop/L79DRTnBAfakPpGPuX7y0+lAjX06CpaAW+5tnAc7BH3L3RlSrWAXAqwnQGDZ10GsoxaxyTTsddlun3g==",
      "license": "MPL-2.0"
    },
    "node_modules/esm-env": {
      "version": "1.2.2",
      "resolved": "https://registry.npmjs.org/esm-env/-/esm-env-1.2.2.tgz",
      "integrity": "sha512-Epxrv+Nr/CaL4ZcFGPJIYLWFom+YeV1DqMLHJoEd9SYRxNbaFruBwfEX/kkHUJf55j2+TUbmDcmuilbP1TmXHA==",
      "license": "MIT"
    },
    "node_modules/eventery": {
      "version": "0.0.4",
      "resolved": "https://registry.npmjs.org/eventery/-/eventery-0.0.4.tgz",
      "integrity": "sha512-rQbXJG8WX9z2cm3IJadkSUZLWFXuwGMIJ40oWyB23DhVb1e92T7Jx3qF0UwtgHI7D4VZzVswbZ7MXfW88cFF4Q==",
      "license": "MIT"
    },
    "node_modules/harmony-ecs": {
      "version": "0.0.12",
      "resolved": "https://registry.npmjs.org/harmony-ecs/-/harmony-ecs-0.0.12.tgz",
      "integrity": "sha512-he27c8UUVi3TeCGYxMMQ0q7L+Y5xWTiA7UZXvt2h/97pnRUle0aJtdToTKPKXmb3ulqfo8+otun+iqPxzH2CEg==",
      "license": "MIT",
      "engines": {
        "node": ">=14.18.1"
      }
    },
    "node_modules/koota": {
      "version": "0.6.6",
      "resolved": "https://registry.npmjs.org/koota/-/koota-0.6.6.tgz",
      "integrity": "sha512-Fn8lSooH3u9TIP+eAMugFrOju40Ec70+sB7x1eZBB3H0Lki2hyIbFAodk3NDB/RIRzoMs54O4422BVN6SbtWfw==",
      "license": "ISC",
      "peerDependencies": {
        "@types/react": ">=18.0.0",
        "react": ">=18.0.0"
      },
      "peerDependenciesMeta": {
        "@types/react": {
          "optional": true
        },
        "react": {
          "optional": true
        }
      }
    },
    "node_modules/miniplex": {
      "version": "2.0.0",
      "resolved": "https://registry.npmjs.org/miniplex/-/miniplex-2.0.0.tgz",
      "integrity": "sha512-pJlxmlPf5Qyx12amgOCyRE6Lzw28ct2G0lF9xn7/xudLtA/xDOUnCIU2xOxCk8GkjePYctcNpjmFshJp/Ht66A==",
      "license": "MIT",
      "dependencies": {
        "@hmans/id": "^0.0.1",
        "@hmans/queue": "^0.0.1",
        "@miniplex/bucket": "2.0.0"
      }
    },
    "node_modules/piecs": {
      "version": "0.4.0",
      "resolved": "https://registry.npmjs.org/piecs/-/piecs-0.4.0.tgz",
      "integrity": "sha512-NiGuWHykjFCahsYzn7U3+Q0nk9wUr0wITRioTVCZkK6nk8P4Px/arWYviezyMDT5OaqNmLg4eL00Udj4txlhrQ==",
      "license": "MIT"
    },
    "node_modules/thyseus": {
      "version": "0.18.0",
      "resolved": "https://registry.npmjs.org/thyseus/-/thyseus-0.18.0.tgz",
      "integrity": "sha512-ycLdLy75EE4VNIDwC5WI9cY64M5xVa/wFh5j+wAZv7RGBppwlY2wmaoiYp1JrMAHpDOxIf4GsQtrB/bEcujSoQ==",
      "license": "MIT",
      "dependencies": {
        "esm-env": "^1.0.0"
      }
    },
    "node_modules/wolf-ecs": {
      "version": "2.1.3",
      "resolved": "https://registry.npmjs.org/wolf-ecs/-/wolf-ecs-2.1.3.tgz",
      "integrity": "sha512-zTmUsc85VrvFWi7BtZGgF2ZVtcohtMEeSC3fQrWVOENDJkXEm380EFsthr6tFWRJACFLWkw0zUCR6aBFuyTq+A==",
      "license": "MIT"
    }
  }
}
